
Microsoft Visual Studio Solution File, Format Version 12.00
# Visual Studio Version 16
VisualStudioVersion = 16.0.31129.286
MinimumVisualStudioVersion = 10.0.40219.1
Project("{FAE04EC0-301F-11D3-BF4B-00C04F79EFBC}") = "ChatAppCore", "ChatAppCore\ChatAppCore.csproj", "{CBD064A3-7133-494D-8544-97FA33FB06B3}"
EndProject
Global
	GlobalSection(SolutionConfigurationPlatforms) = preSolution
		Debug|Any CPU = Debug|Any CPU
		Release|Any CPU = Release|Any CPU
	EndGlobalSection
	GlobalSection(ProjectConfigurationPlatforms) = postSolution
		{CBD064A3-7133-494D-8544-97FA33FB06B3}.Debug|Any CPU.ActiveCfg = Debug|Any CPU
		{CBD064A3-7133-494D-8544-97FA33FB06B3}.Debug|Any CPU.Build.0 = Debug|Any CPU
		{CBD064A3-7133-494D-8544-97FA33FB06B3}.Release|Any CPU.ActiveCfg = Release|Any CPU
		{CBD064A3-7133-494D-8544-97FA33FB06B3}.Release|Any CPU.Build.0 = Release|Any CPU
	EndGlobalSection
	GlobalSection(SolutionProperties) = preSolution
		HideSolutionNode = FALSE
	EndGlobalSection
	GlobalSection(ExtensibilityGlobals) = postSolution
		SolutionGuid = {0C749A6E-10B1-4FCA-B46C-A336245F86DF}
	EndGlobalSection
EndGlobal
